{
  "name": "opendash-instance-demo",
  "version": "2.0.0",
  "lockfileVersion": 1,
  "requires": true,
  "dependencies": {
    "@babel/runtime": {
      "version": "7.5.5",
      "resolved": "https://registry.npmjs.org/@babel/runtime/-/runtime-7.5.5.tgz",
      "integrity": "sha512-28QvEGyQyNkB0/m2B4FU7IEZGK2NUrcMtT6BZEFALTguLk+AUT6ofsHtPk5QyjAdUkpMJ+/Em+quwz4HOt30AQ==",
      "requires": {
        "regenerator-runtime": "^0.13.2"
      },
      "dependencies": {
        "regenerator-runtime": {
          "version": "0.13.3",
          "resolved": "https://registry.npmjs.org/regenerator-runtime/-/regenerator-runtime-0.13.3.tgz",
          "integrity": "sha512-naKIZz2GQ8JWh///G7L3X6LaQUAMp2lvb1rvwwsURe/VXwD6VMfr+/1NuNw3ag8v2kY1aQ/go5SNn79O9JU7yw=="
        }
      }
    },
    "@babel/runtime-corejs3": {
      "version": "7.5.5",
      "resolved": "https://registry.npmjs.org/@babel/runtime-corejs3/-/runtime-corejs3-7.5.5.tgz",
      "integrity": "sha512-bNxHJ+w7RfLzZJtIZdEjFgL1twwZ6ozuOmsEjtyuTqfi1hb1fqsDYYyi3Fi3i+RgAO4S9+wkSG102+GCqdpr7w==",
      "requires": {
        "core-js-pure": "^3.0.0",
        "regenerator-runtime": "^0.13.2"
      },
      "dependencies": {
        "regenerator-runtime": {
          "version": "0.13.3",
          "resolved": "https://registry.npmjs.org/regenerator-runtime/-/regenerator-runtime-0.13.3.tgz",
          "integrity": "sha512-naKIZz2GQ8JWh///G7L3X6LaQUAMp2lvb1rvwwsURe/VXwD6VMfr+/1NuNw3ag8v2kY1aQ/go5SNn79O9JU7yw=="
        }
      }
    },
    "@opendash/user-adapter-local": {
      "version": "4.0.0",
      "resolved": "https://registry.npmjs.org/@opendash/user-adapter-local/-/user-adapter-local-4.0.0.tgz",
      "integrity": "sha512-4aOPhFhB3W2EBMQFyZ4jUMDTqlhtE/6KfsnefU6zZWAxunWzJ6+GP58LyQO+tkXG35g/SfBBIEkx1Rr+WBRH6g=="
    },
    "@opendash/user-adapter-parse-plus": {
      "version": "4.4.0",
      "resolved": "https://registry.npmjs.org/@opendash/user-adapter-parse-plus/-/user-adapter-parse-plus-4.4.0.tgz",
      "integrity": "sha512-LVpFP+hQKkZb9kayg3IMZGlya8nquOLZc1YPrgI88PJ5uKHp7hoxvYNilBD4Szt7i0XCJuyUyZVn3bipzpAzhQ==",
      "requires": {
        "parse": "^1.10.0"
      },
      "dependencies": {
        "parse": {
          "version": "1.11.1",
          "resolved": "https://registry.npmjs.org/parse/-/parse-1.11.1.tgz",
          "integrity": "sha1-VY5TnULZ+4khDggiCdbzsD1frtU=",
          "requires": {
            "babel-runtime": "^6.11.6",
            "ws": "^3.3.1",
            "xmlhttprequest": "^1.7.0"
          }
        },
        "ws": {
          "version": "3.3.3",
          "resolved": "https://registry.npmjs.org/ws/-/ws-3.3.3.tgz",
          "integrity": "sha512-nnWLa/NwZSt4KQJu51MYlCcSQ5g7INpOrOMt4XV8j4dqTXdmlUmSHQ8/oLC069ckre0fRsgfvsKwbTdtKLCDkA==",
          "requires": {
            "async-limiter": "~1.0.0",
            "safe-buffer": "~5.1.0",
            "ultron": "~1.1.0"
          }
        }
      }
    },
    "angular": {
      "version": "1.7.7",
      "resolved": "https://registry.npmjs.org/angular/-/angular-1.7.7.tgz",
      "integrity": "sha512-MH3JEGd8y/EkNCKJ8EV6Ch0j9X0rZTta/QVIDpBWaIdfh85/e5KO8+ZKgvWIb02MQuiS20pDFmMFlv4ZaLcLWg=="
    },
    "angular-gridster": {
      "version": "0.13.14",
      "resolved": "https://registry.npmjs.org/angular-gridster/-/angular-gridster-0.13.14.tgz",
      "integrity": "sha1-er6/Y9fJ++xFOLnMpFfg2oBdQgQ="
    },
    "angular-translate": {
      "version": "2.18.1",
      "resolved": "https://registry.npmjs.org/angular-translate/-/angular-translate-2.18.1.tgz",
      "integrity": "sha512-Mw0kFBqsv5j8ItL9IhRZunIlVmIRW6iFsiTmRs9wGr2QTt8z4rehYlWyHos8qnXc/kyOYJiW50iH50CSNHGB9A==",
      "requires": {
        "angular": ">=1.2.26 <=1.7"
      }
    },
    "async-limiter": {
      "version": "1.0.1",
      "resolved": "https://registry.npmjs.org/async-limiter/-/async-limiter-1.0.1.tgz",
      "integrity": "sha512-csOlWGAcRFJaI6m+F2WKdnMKr4HhdhFVBk0H/QbJFMCr+uO2kwohwXQPxw/9OCxp05r5ghVBFSyioixx3gfkNQ=="
    },
    "babel-runtime": {
      "version": "6.26.0",
      "resolved": "https://registry.npmjs.org/babel-runtime/-/babel-runtime-6.26.0.tgz",
      "integrity": "sha1-llxwWGaOgrVde/4E/yM3vItWR/4=",
      "requires": {
        "core-js": "^2.4.0",
        "regenerator-runtime": "^0.11.0"
      }
    },
    "collections": {
      "version": "5.1.8",
      "resolved": "https://registry.npmjs.org/collections/-/collections-5.1.8.tgz",
      "integrity": "sha512-2Vvizv30fKnBlso7kVtZTsuZDVvA6JvLotsSnGKiAiIM4Z+EW1/9yRgXqJJ0WFzj36yZNTUsI+/Yu2Ogoo0H0w==",
      "requires": {
        "weak-map": "~1.0.x"
      }
    },
    "commander": {
      "version": "2.20.3",
      "resolved": "https://registry.npmjs.org/commander/-/commander-2.20.3.tgz",
      "integrity": "sha512-GpVkmM8vF2vQUkj2LvZmD35JxeJOLCwJ9cUkugyk2nuhbv3+mJvpLYYt+0+USMxE+oj+ey/lJEnhZw75x/OMcQ==",
      "dev": true
    },
    "core-js": {
      "version": "2.6.5",
      "resolved": "https://registry.npmjs.org/core-js/-/core-js-2.6.5.tgz",
      "integrity": "sha512-klh/kDpwX8hryYL14M9w/xei6vrv6sE8gTHDG7/T/+SEovB/G4ejwcfE/CBzO6Edsu+OETZMZ3wcX/EjUkrl5A=="
    },
    "core-js-pure": {
      "version": "3.2.1",
      "resolved": "https://registry.npmjs.org/core-js-pure/-/core-js-pure-3.2.1.tgz",
      "integrity": "sha512-+qpvnYrsi/JDeQTArB7NnNc2VoMYLE1YSkziCDHgjexC2KH7OFiGhLUd3urxfyWmNjSwSW7NYXPWHMhuIJx9Ow=="
    },
    "fs-extra": {
      "version": "7.0.1",
      "resolved": "https://registry.npmjs.org/fs-extra/-/fs-extra-7.0.1.tgz",
      "integrity": "sha512-YJDaCJZEnBmcbw13fvdAM9AwNOJwOzrE4pqMqBq5nFiEqXUqHwlK4B+3pUw6JNvfSPtX05xFHtYy/1ni01eGCw==",
      "dev": true,
      "requires": {
        "graceful-fs": "^4.1.2",
        "jsonfile": "^4.0.0",
        "universalify": "^0.1.0"
      }
    },
    "graceful-fs": {
      "version": "4.2.10",
      "resolved": "https://registry.npmjs.org/graceful-fs/-/graceful-fs-4.2.10.tgz",
      "integrity": "sha512-9ByhssR2fPVsNZj478qUUbKfmL0+t5BDVyjShtyZZLiK7ZDAArFFfopyOTj0M05wE2tJPisA4iTnnXl2YoPvOA==",
      "dev": true
    },
    "javascript-detect-element-resize": {
      "version": "0.5.3",
      "resolved": "https://registry.npmjs.org/javascript-detect-element-resize/-/javascript-detect-element-resize-0.5.3.tgz",
      "integrity": "sha1-GnHNUd/lZZB/KZAS/nOilBBAJd4="
    },
    "jquery": {
      "version": "3.3.1",
      "resolved": "https://registry.npmjs.org/jquery/-/jquery-3.3.1.tgz",
      "integrity": "sha512-Ubldcmxp5np52/ENotGxlLe6aGMvmF4R8S6tZjsP6Knsaxd/xp3Zrh50cG93lR6nPXyUFwzN3ZSOQI0wRJNdGg=="
    },
    "jsonfile": {
      "version": "4.0.0",
      "resolved": "https://registry.npmjs.org/jsonfile/-/jsonfile-4.0.0.tgz",
      "integrity": "sha512-m6F1R3z8jjlf2imQHS2Qez5sjKWQzbuuhuJ/FKYFRZvPE3PuHcSMVZzfsLhGVOkfd20obL5SWEBew5ShlquNxg==",
      "dev": true,
      "requires": {
        "graceful-fs": "^4.1.6"
      }
    },
    "lodash": {
      "version": "4.17.11",
      "resolved": "https://registry.npmjs.org/lodash/-/lodash-4.17.11.tgz",
      "integrity": "sha512-cQKh8igo5QUhZ7lg38DYWAxMvjSAKG0A8wGSVimP07SIUEK2UO+arSRKbRZWtelMtN5V0Hkwh5ryOto/SshYIg=="
    },
    "moment": {
      "version": "2.24.0",
      "resolved": "https://registry.npmjs.org/moment/-/moment-2.24.0.tgz",
      "integrity": "sha512-bV7f+6l2QigeBBZSM/6yTNq4P2fNpSWj/0e7jQcy87A8e7o2nAfP/34/2ky5Vw4B9S446EtIhodAzkFCcR4dQg=="
    },
    "opendash": {
      "version": "2.1.1",
      "resolved": "https://registry.npmjs.org/opendash/-/opendash-2.1.1.tgz",
      "integrity": "sha512-A3EmxHkD8Aq1SD7Q5w1Bs/irZP4So9ZAngJ9EJhjMGGwxyb12HEvM2hctLjcwlewMW06+FaAqGKRFcD9lE89Dw==",
      "requires": {
        "angular": "^1.6.9",
        "angular-gridster": "~0.13.14",
        "angular-translate": "^2.17.0",
        "collections": "^5.1.2",
        "javascript-detect-element-resize": "~0.5.3",
        "jquery": "^3.3.1",
        "lodash": "^4.17.5",
        "moment": "^2.21.0"
      }
    },
    "opendash-cli": {
      "version": "2.0.0-beta.8",
      "resolved": "https://registry.npmjs.org/opendash-cli/-/opendash-cli-2.0.0-beta.8.tgz",
      "integrity": "sha512-2rK6j7G2x0Z68EpKzDMFxMT7Ft0betvoCk1ILGia/f66j8PD9OgUQov2CuTw/mSVX4eavJEp8HIWOBpReqalDw==",
      "dev": true,
      "requires": {
        "commander": "^2.19.0",
        "fs-extra": "^7.0.0"
      }
    },
    "parse": {
      "version": "2.7.1",
      "resolved": "https://registry.npmjs.org/parse/-/parse-2.7.1.tgz",
      "integrity": "sha512-JmargoFb20Z1u28Coz6tNlRlinD1aRj1fCTNaTVjJJXTGvorbIHLYSNWDKmbOM+uUSM1LBjxK2/1GgLR3FAQAw==",
      "requires": {
        "@babel/runtime": "7.5.5",
        "@babel/runtime-corejs3": "7.5.5",
        "uuid": "3.3.3",
        "ws": "7.1.2",
        "xmlhttprequest": "1.8.0"
      },
      "dependencies": {
        "uuid": {
          "version": "3.3.3",
          "resolved": "https://registry.npmjs.org/uuid/-/uuid-3.3.3.tgz",
          "integrity": "sha512-pW0No1RGHgzlpHJO1nsVrHKpOEIxkGg1xB+v0ZmdNH5OAeAwzAVrCnI2/6Mtx+Uys6iaylxa+D3g4j63IKKjSQ=="
        }
      }
    },
    "regenerator-runtime": {
      "version": "0.11.1",
      "resolved": "https://registry.npmjs.org/regenerator-runtime/-/regenerator-runtime-0.11.1.tgz",
      "integrity": "sha512-MguG95oij0fC3QV3URf4V2SDYGJhJnJGqvIIgdECeODCT98wSWDAJ94SSuVpYQUoTcGUIL6L4yNB7j1DFFHSBg=="
    },
    "safe-buffer": {
      "version": "5.1.2",
      "resolved": "https://registry.npmjs.org/safe-buffer/-/safe-buffer-5.1.2.tgz",
      "integrity": "sha512-Gd2UZBJDkXlY7GbJxfsE8/nvKkUEU1G38c1siN6QP6a9PT9MmHB8GnpscSmMJSoF8LOIrt8ud/wPtojys4G6+g=="
    },
    "ultron": {
      "version": "1.1.1",
      "resolved": "https://registry.npmjs.org/ultron/-/ultron-1.1.1.tgz",
      "integrity": "sha512-UIEXBNeYmKptWH6z8ZnqTeS8fV74zG0/eRU9VGkpzz+LIJNs8W/zM/L+7ctCkRrgbNnnR0xxw4bKOr0cW0N0Og=="
    },
    "universalify": {
      "version": "0.1.2",
      "resolved": "https://registry.npmjs.org/universalify/-/universalify-0.1.2.tgz",
      "integrity": "sha512-rBJeI5CXAlmy1pV+617WB9J63U6XcazHHF2f2dbJix4XzpUF0RS3Zbj0FGIOCAva5P/d/GBOYaACQ1w+0azUkg==",
      "dev": true
    },
    "weak-map": {
      "version": "1.0.5",
      "resolved": "https://registry.npmjs.org/weak-map/-/weak-map-1.0.5.tgz",
      "integrity": "sha1-eWkVhNmGB/UHC9O3CkDmuyLkAes="
    },
    "ws": {
      "version": "7.1.2",
      "resolved": "https://registry.npmjs.org/ws/-/ws-7.1.2.tgz",
      "integrity": "sha512-gftXq3XI81cJCgkUiAVixA0raD9IVmXqsylCrjRygw4+UOOGzPoxnQ6r/CnVL9i+mDncJo94tSkyrtuuQVBmrg==",
      "requires": {
        "async-limiter": "^1.0.0"
      }
    },
    "xmlhttprequest": {
      "version": "1.8.0",
      "resolved": "https://registry.npmjs.org/xmlhttprequest/-/xmlhttprequest-1.8.0.tgz",
      "integrity": "sha1-Z/4HXFwk/vOfnWX197f+dRcZaPw="
    }
  }
}
